
Microsoft Visual Studio Solution File, Format Version 12.00
# Visual Studio 14
VisualStudioVersion = 14.0.23107.0
MinimumVisualStudioVersion = 10.0.40219.1
Project("{2150E333-8FDC-42A3-9474-1A3956D46DE8}") = "Core", "Core", "{E8CF1657-0321-4179-94DA-EBDEF0B791A2}"
EndProject
Project("{2150E333-8FDC-42A3-9474-1A3956D46DE8}") = "Domain", "Domain", "{ABF022B5-D008-47D5-B7DA-F8EC7A0D79FE}"
EndProject
Project("{2150E333-8FDC-42A3-9474-1A3956D46DE8}") = "Application", "Application", "{F4AA8854-691B-4405-9316-616FD5384CCF}"
EndProject
Project("{2150E333-8FDC-42A3-9474-1A3956D46DE8}") = "Presentation", "Presentation", "{34BCE030-1EBB-46F7-92A8-BBE24C3585DC}"
EndProject
Project("{2150E333-8FDC-42A3-9474-1A3956D46DE8}") = "Infrastructure", "Infrastructure", "{4E752A53-0977-46D4-840A-5D4B5DC82CAB}"
EndProject
Project("{2150E333-8FDC-42A3-9474-1A3956D46DE8}") = "Projection", "Projection", "{8CBB24A3-57B6-4726-8085-1956845869B2}"
EndProject
Project("{2150E333-8FDC-42A3-9474-1A3956D46DE8}") = "Query", "Query", "{41BE1F3B-0A9B-4E68-B709-3833B5BD741B}"
EndProject
Project("{FAE04EC0-301F-11D3-BF4B-00C04F79EFBC}") = "Fuxion.Core.Domain", "Core\Domain\Fuxion.Core.Domain\Fuxion.Core.Domain.csproj", "{37B08685-B67B-447E-B843-D45B3872F131}"
EndProject
Project("{FAE04EC0-301F-11D3-BF4B-00C04F79EFBC}") = "Fuxion.Core.Domain.Test", "Core\Domain\Fuxion.Core.Domain.Test\Fuxion.Core.Domain.Test.csproj", "{7CB807B5-74E4-4872-AA5D-8877D4543E23}"
EndProject
Project("{FAE04EC0-301F-11D3-BF4B-00C04F79EFBC}") = "Fuxion.Core", "Core\Fuxion.Core\Fuxion.Core.csproj", "{F192A385-969D-443F-A7D2-35B30E6BF931}"
EndProject
Global
	GlobalSection(SolutionConfigurationPlatforms) = preSolution
		Debug|Any CPU = Debug|Any CPU
		Release|Any CPU = Release|Any CPU
	EndGlobalSection
	GlobalSection(ProjectConfigurationPlatforms) = postSolution
		{37B08685-B67B-447E-B843-D45B3872F131}.Debug|Any CPU.ActiveCfg = Debug|Any CPU
		{37B08685-B67B-447E-B843-D45B3872F131}.Debug|Any CPU.Build.0 = Debug|Any CPU
		{37B08685-B67B-447E-B843-D45B3872F131}.Release|Any CPU.ActiveCfg = Release|Any CPU
		{37B08685-B67B-447E-B843-D45B3872F131}.Release|Any CPU.Build.0 = Release|Any CPU
		{7CB807B5-74E4-4872-AA5D-8877D4543E23}.Debug|Any CPU.ActiveCfg = Debug|Any CPU
		{7CB807B5-74E4-4872-AA5D-8877D4543E23}.Debug|Any CPU.Build.0 = Debug|Any CPU
		{7CB807B5-74E4-4872-AA5D-8877D4543E23}.Release|Any CPU.ActiveCfg = Release|Any CPU
		{7CB807B5-74E4-4872-AA5D-8877D4543E23}.Release|Any CPU.Build.0 = Release|Any CPU
		{F192A385-969D-443F-A7D2-35B30E6BF931}.Debug|Any CPU.ActiveCfg = Debug|Any CPU
		{F192A385-969D-443F-A7D2-35B30E6BF931}.Debug|Any CPU.Build.0 = Debug|Any CPU
		{F192A385-969D-443F-A7D2-35B30E6BF931}.Release|Any CPU.ActiveCfg = Release|Any CPU
		{F192A385-969D-443F-A7D2-35B30E6BF931}.Release|Any CPU.Build.0 = Release|Any CPU
	EndGlobalSection
	GlobalSection(SolutionProperties) = preSolution
		HideSolutionNode = FALSE
	EndGlobalSection
	GlobalSection(NestedProjects) = preSolution
		{ABF022B5-D008-47D5-B7DA-F8EC7A0D79FE} = {E8CF1657-0321-4179-94DA-EBDEF0B791A2}
		{F4AA8854-691B-4405-9316-616FD5384CCF} = {E8CF1657-0321-4179-94DA-EBDEF0B791A2}
		{34BCE030-1EBB-46F7-92A8-BBE24C3585DC} = {E8CF1657-0321-4179-94DA-EBDEF0B791A2}
		{4E752A53-0977-46D4-840A-5D4B5DC82CAB} = {E8CF1657-0321-4179-94DA-EBDEF0B791A2}
		{8CBB24A3-57B6-4726-8085-1956845869B2} = {E8CF1657-0321-4179-94DA-EBDEF0B791A2}
		{41BE1F3B-0A9B-4E68-B709-3833B5BD741B} = {E8CF1657-0321-4179-94DA-EBDEF0B791A2}
		{37B08685-B67B-447E-B843-D45B3872F131} = {ABF022B5-D008-47D5-B7DA-F8EC7A0D79FE}
		{7CB807B5-74E4-4872-AA5D-8877D4543E23} = {ABF022B5-D008-47D5-B7DA-F8EC7A0D79FE}
		{F192A385-969D-443F-A7D2-35B30E6BF931} = {E8CF1657-0321-4179-94DA-EBDEF0B791A2}
	EndGlobalSection
EndGlobal
